// !$*UTF8*$!
{
	archiveVersion = 1;
	classes = {
	};
	objectVersion = 77;
	objects = {

/* Begin PBXBuildFile section */
		4F62C3112EB412F20031CC5F /* KalmKiteIcon.icon in Resources */ = {isa = PBXBuildFile; fileRef = 4F62C3102EB412F20031CC5F /* KalmKiteIcon.icon */; };
		4F979AEA2E9F5BCC0072F21F /* ConfettiSwiftUI in Frameworks */ = {isa = PBXBuildFile; productRef = 4F979AE92E9F5BCC0072F21F /* ConfettiSwiftUI */; };
		4FA4800D2E9F5B27007C8E10 /* ConfettiSwiftUI in Frameworks */ = {isa = PBXBuildFile; productRef = 4FA4800C2E9F5B27007C8E10 /* ConfettiSwiftUI */; };
/* End PBXBuildFile section */

/* Begin PBXContainerItemProxy section */
		4F33E01F2E91825B00083E96 /* PBXContainerItemProxy */ = {
			isa = PBXContainerItemProxy;
			containerPortal = 4F33E0072E91825A00083E96 /* Project object */;
			proxyType = 1;
			remoteGlobalIDString = 4F33E00E2E91825A00083E96;
			remoteInfo = "kalmkite-ios";
		};
		4F33E0292E91825B00083E96 /* PBXContainerItemProxy */ = {
			isa = PBXContainerItemProxy;
			containerPortal = 4F33E0072E91825A00083E96 /* Project object */;
			proxyType = 1;
			remoteGlobalIDString = 4F33E00E2E91825A00083E96;
			remoteInfo = "kalmkite-ios";
		};
/* End PBXContainerItemProxy section */

/* Begin PBXFileReference section */
		4F33E00F2E91825A00083E96 /* kalmkite-ios.app */ = {isa = PBXFileReference; explicitFileType = wrapper.application; includeInIndex = 0; path = "kalmkite-ios.app"; sourceTree = BUILT_PRODUCTS_DIR; };
		4F33E01E2E91825B00083E96 /* kalmkite-iosTests.xctest */ = {isa = PBXFileReference; explicitFileType = wrapper.cfbundle; includeInIndex = 0; path = "kalmkite-iosTests.xctest"; sourceTree = BUILT_PRODUCTS_DIR; };
		4F33E0282E91825B00083E96 /* kalmkite-iosUITests.xctest */ = {isa = PBXFileReference; explicitFileType = wrapper.cfbundle; includeInIndex = 0; path = "kalmkite-iosUITests.xctest"; sourceTree = BUILT_PRODUCTS_DIR; };
		4F4109342EB6D022002A633F /* kalmkite-ios.xctestplan */ = {isa = PBXFileReference; lastKnownFileType = text; path = "kalmkite-ios.xctestplan"; sourceTree = "<group>"; };
		4F62C3102EB412F20031CC5F /* KalmKiteIcon.icon */ = {isa = PBXFileReference; lastKnownFileType = folder.iconcomposer.icon; path = KalmKiteIcon.icon; sourceTree = "<group>"; };
/* End PBXFileReference section */

/* Begin PBXFileSystemSynchronizedBuildFileExceptionSet section */
		4FDF8F1F2EB6DEAE00AEB2E7 /* Exceptions for "kalmkite-ios" folder in "kalmkite-ios" target */ = {
			isa = PBXFileSystemSynchronizedBuildFileExceptionSet;
			membershipExceptions = (
				Info.plist,
			);
			target = 4F33E00E2E91825A00083E96 /* kalmkite-ios */;
		};
/* End PBXFileSystemSynchronizedBuildFileExceptionSet section */

/* Begin PBXFileSystemSynchronizedRootGroup section */
		4F33E0112E91825A00083E96 /* kalmkite-ios */ = {
			isa = PBXFileSystemSynchronizedRootGroup;
			exceptions = (
				4FDF8F1F2EB6DEAE00AEB2E7 /* Exceptions for "kalmkite-ios" folder in "kalmkite-ios" target */,
			);
			path = "kalmkite-ios";
			sourceTree = "<group>";
		};
		4F33E0212E91825B00083E96 /* kalmkite-iosTests */ = {
			isa = PBXFileSystemSynchronizedRootGroup;
			path = "kalmkite-iosTests";
			sourceTree = "<group>";
		};
		4F33E02B2E91825B00083E96 /* kalmkite-iosUITests */ = {
			isa = PBXFileSystemSynchronizedRootGroup;
			path = "kalmkite-iosUITests";
			sourceTree = "<group>";
		};
/* End PBXFileSystemSynchronizedRootGroup section */

/* Begin PBXFrameworksBuildPhase section */
		4F33E00C2E91825A00083E96 /* Frameworks */ = {
			isa = PBXFrameworksBuildPhase;
			buildActionMask = 2147483647;
			files = (
				4F979AEA2E9F5BCC0072F21F /* ConfettiSwiftUI in Frameworks */,
				4FA4800D2E9F5B27007C8E10 /* ConfettiSwiftUI in Frameworks */,
			);
			runOnlyForDeploymentPostprocessing = 0;
		};
		4F33E01B2E91825B00083E96 /* Frameworks */ = {
			isa = PBXFrameworksBuildPhase;
			buildActionMask = 2147483647;
			files = (
			);
			runOnlyForDeploymentPostprocessing = 0;
		};
		4F33E0252E91825B00083E96 /* Frameworks */ = {
			isa = PBXFrameworksBuildPhase;
			buildActionMask = 2147483647;
			files = (
			);
			runOnlyForDeploymentPostprocessing = 0;
		};
/* End PBXFrameworksBuildPhase section */

/* Begin PBXGroup section */
		4F33E0062E91825A00083E96 = {
			isa = PBXGroup;
			children = (
				4F4109342EB6D022002A633F /* kalmkite-ios.xctestplan */,
				4F62C3102EB412F20031CC5F /* KalmKiteIcon.icon */,
				4F33E0112E91825A00083E96 /* kalmkite-ios */,
				4F33E0212E91825B00083E96 /* kalmkite-iosTests */,
				4F33E02B2E91825B00083E96 /* kalmkite-iosUITests */,
				4F33E0102E91825A00083E96 /* Products */,
			);
			sourceTree = "<group>";
		};
		4F33E0102E91825A00083E96 /* Products */ = {
			isa = PBXGroup;
			children = (
				4F33E00F2E91825A00083E96 /* kalmkite-ios.app */,
				4F33E01E2E91825B00083E96 /* kalmkite-iosTests.xctest */,
				4F33E0282E91825B00083E96 /* kalmkite-iosUITests.xctest */,
			);
			name = Products;
			sourceTree = "<group>";
		};
/* End PBXGroup section */

/* Begin PBXNativeTarget section */
		4F33E00E2E91825A00083E96 /* kalmkite-ios */ = {
			isa = PBXNativeTarget;
			buildConfigurationList = 4F33E0322E91825B00083E96 /* Build configuration list for PBXNativeTarget "kalmkite-ios" */;
			buildPhases = (
				4F33E00B2E91825A00083E96 /* Sources */,
				4F33E00C2E91825A00083E96 /* Frameworks */,
				4F379A882EAEDE2F009989C3 /* Resources */,
			);
			buildRules = (
			);
			dependencies = (
			);
			fileSystemSynchronizedGroups = (
				4F33E0112E91825A00083E96 /* kalmkite-ios */,
			);
			name = "kalmkite-ios";
			packageProductDependencies = (
				4FA4800C2E9F5B27007C8E10 /* ConfettiSwiftUI */,
				4F979AE92E9F5BCC0072F21F /* ConfettiSwiftUI */,
			);
			productName = "kalmkite-ios";
			productReference = 4F33E00F2E91825A00083E96 /* kalmkite-ios.app */;
			productType = "com.apple.product-type.application";
		};
		4F33E01D2E91825B00083E96 /* kalmkite-iosTests */ = {
			isa = PBXNativeTarget;
			buildConfigurationList = 4F33E0352E91825B00083E96 /* Build configuration list for PBXNativeTarget "kalmkite-iosTests" */;
			buildPhases = (
				4F33E01A2E91825B00083E96 /* Sources */,
				4F33E01B2E91825B00083E96 /* Frameworks */,
				4F33E01C2E91825B00083E96 /* Resources */,
			);
			buildRules = (
			);
			dependencies = (
				4F33E0202E91825B00083E96 /* PBXTargetDependency */,
			);
			fileSystemSynchronizedGroups = (
				4F33E0212E91825B00083E96 /* kalmkite-iosTests */,
			);
			name = "kalmkite-iosTests";
			packageProductDependencies = (
			);
			productName = "kalmkite-iosTests";
			productReference = 4F33E01E2E91825B00083E96 /* kalmkite-iosTests.xctest */;
			productType = "com.apple.product-type.bundle.unit-test";
		};
		4F33E0272E91825B00083E96 /* kalmkite-iosUITests */ = {
			isa = PBXNativeTarget;
			buildConfigurationList = 4F33E0382E91825B00083E96 /* Build configuration list for PBXNativeTarget "kalmkite-iosUITests" */;
			buildPhases = (
				4F33E0242E91825B00083E96 /* Sources */,
				4F33E0252E91825B00083E96 /* Frameworks */,
				4F33E0262E91825B00083E96 /* Resources */,
			);
			buildRules = (
			);
			dependencies = (
				4F33E02A2E91825B00083E96 /* PBXTargetDependency */,
			);
			fileSystemSynchronizedGroups = (
				4F33E02B2E91825B00083E96 /* kalmkite-iosUITests */,
			);
			name = "kalmkite-iosUITests";
			packageProductDependencies = (
			);
			productName = "kalmkite-iosUITests";
			productReference = 4F33E0282E91825B00083E96 /* kalmkite-iosUITests.xctest */;
			productType = "com.apple.product-type.bundle.ui-testing";
		};
/* End PBXNativeTarget section */

/* Begin PBXProject section */
		4F33E0072E91825A00083E96 /* Project object */ = {
			isa = PBXProject;
			attributes = {
				BuildIndependentTargetsInParallel = 1;
				LastSwiftUpdateCheck = 2600;
				LastUpgradeCheck = 2600;
				TargetAttributes = {
					4F33E00E2E91825A00083E96 = {
						CreatedOnToolsVersion = 26.0.1;
					};
					4F33E01D2E91825B00083E96 = {
						CreatedOnToolsVersion = 26.0.1;
						TestTargetID = 4F33E00E2E91825A00083E96;
					};
					4F33E0272E91825B00083E96 = {
						CreatedOnToolsVersion = 26.0.1;
						TestTargetID = 4F33E00E2E91825A00083E96;
					};
				};
			};
			buildConfigurationList = 4F33E00A2E91825A00083E96 /* Build configuration list for PBXProject "kalmkite-ios" */;
			developmentRegion = en;
			hasScannedForEncodings = 0;
			knownRegions = (
				en,
				Base,
			);
			mainGroup = 4F33E0062E91825A00083E96;
			minimizedProjectReferenceProxies = 1;
			packageReferences = (
				4F1859152E9F58820042B26A /* XCRemoteSwiftPackageReference "ConfettiSwiftUI" */,
			);
			preferredProjectObjectVersion = 77;
			productRefGroup = 4F33E0102E91825A00083E96 /* Products */;
			projectDirPath = "";
			projectRoot = "";
			targets = (
				4F33E00E2E91825A00083E96 /* kalmkite-ios */,
				4F33E01D2E91825B00083E96 /* kalmkite-iosTests */,
				4F33E0272E91825B00083E96 /* kalmkite-iosUITests */,
			);
		};
/* End PBXProject section */

/* Begin PBXResourcesBuildPhase section */
		4F33E01C2E91825B00083E96 /* Resources */ = {
			isa = PBXResourcesBuildPhase;
			buildActionMask = 2147483647;
			files = (
			);
			runOnlyForDeploymentPostprocessing = 0;
		};
		4F33E0262E91825B00083E96 /* Resources */ = {
			isa = PBXResourcesBuildPhase;
			buildActionMask = 2147483647;
			files = (
			);
			runOnlyForDeploymentPostprocessing = 0;
		};
		4F379A882EAEDE2F009989C3 /* Resources */ = {
			isa = PBXResourcesBuildPhase;
			buildActionMask = 2147483647;
			files = (
				4F62C3112EB412F20031CC5F /* KalmKiteIcon.icon in Resources */,
			);
			runOnlyForDeploymentPostprocessing = 0;
		};
/* End PBXResourcesBuildPhase section */

/* Begin PBXSourcesBuildPhase section */
		4F33E00B2E91825A00083E96 /* Sources */ = {
			isa = PBXSourcesBuildPhase;
			buildActionMask = 2147483647;
			files = (
			);
			runOnlyForDeploymentPostprocessing = 0;
		};
		4F33E01A2E91825B00083E96 /* Sources */ = {
			isa = PBXSourcesBuildPhase;
			buildActionMask = 2147483647;
			files = (
			);
			runOnlyForDeploymentPostprocessing = 0;
		};
		4F33E0242E91825B00083E96 /* Sources */ = {
			isa = PBXSourcesBuildPhase;
			buildActionMask = 2147483647;
			files = (
			);
			runOnlyForDeploymentPostprocessing = 0;
		};
/* End PBXSourcesBuildPhase section */

/* Begin PBXTargetDependency section */
		4F33E0202E91825B00083E96 /* PBXTargetDependency */ = {
			isa = PBXTargetDependency;
			target = 4F33E00E2E91825A00083E96 /* kalmkite-ios */;
			targetProxy = 4F33E01F2E91825B00083E96 /* PBXContainerItemProxy */;
		};
		4F33E02A2E91825B00083E96 /* PBXTargetDependency */ = {
			isa = PBXTargetDependency;
			target = 4F33E00E2E91825A00083E96 /* kalmkite-ios */;
			targetProxy = 4F33E0292E91825B00083E96 /* PBXContainerItemProxy */;
		};
/* End PBXTargetDependency section */

/* Begin XCBuildConfiguration section */
		4F33E0302E91825B00083E96 /* Debug */ = {
			isa = XCBuildConfiguration;
			buildSettings = {
				ALWAYS_SEARCH_USER_PATHS = NO;
				ASSETCATALOG_COMPILER_GENERATE_SWIFT_ASSET_SYMBOL_EXTENSIONS = YES;
				CLANG_ANALYZER_NONNULL = YES;
				CLANG_ANALYZER_NUMBER_OBJECT_CONVERSION = YES_AGGRESSIVE;
				CLANG_CXX_LANGUAGE_STANDARD = "gnu++20";
				CLANG_ENABLE_MODULES = YES;
				CLANG_ENABLE_OBJC_ARC = YES;
				CLANG_ENABLE_OBJC_WEAK = YES;
				CLANG_WARN_BLOCK_CAPTURE_AUTORELEASING = YES;
				CLANG_WARN_BOOL_CONVERSION = YES;
				CLANG_WARN_COMMA = YES;
				CLANG_WARN_CONSTANT_CONVERSION = YES;
				CLANG_WARN_DEPRECATED_OBJC_IMPLEMENTATIONS = YES;
				CLANG_WARN_DIRECT_OBJC_ISA_USAGE = YES_ERROR;
				CLANG_WARN_DOCUMENTATION_COMMENTS = YES;
				CLANG_WARN_EMPTY_BODY = YES;
				CLANG_WARN_ENUM_CONVERSION = YES;
				CLANG_WARN_INFINITE_RECURSION = YES;
				CLANG_WARN_INT_CONVERSION = YES;
				CLANG_WARN_NON_LITERAL_NULL_CONVERSION = YES;
				CLANG_WARN_OBJC_IMPLICIT_RETAIN_SELF = YES;
				CLANG_WARN_OBJC_LITERAL_CONVERSION = YES;
				CLANG_WARN_OBJC_ROOT_CLASS = YES_ERROR;
				CLANG_WARN_QUOTED_INCLUDE_IN_FRAMEWORK_HEADER = YES;
				CLANG_WARN_RANGE_LOOP_ANALYSIS = YES;
				CLANG_WARN_STRICT_PROTOTYPES = YES;
				CLANG_WARN_SUSPICIOUS_MOVE = YES;
				CLANG_WARN_UNGUARDED_AVAILABILITY = YES_AGGRESSIVE;
				CLANG_WARN_UNREACHABLE_CODE = YES;
				CLANG_WARN__DUPLICATE_METHOD_MATCH = YES;
				COPY_PHASE_STRIP = NO;
				DEBUG_INFORMATION_FORMAT = dwarf;
				DEVELOPMENT_TEAM = K5N9AY5762;
				ENABLE_STRICT_OBJC_MSGSEND = YES;
				ENABLE_TESTABILITY = YES;
				ENABLE_USER_SCRIPT_SANDBOXING = YES;
				GCC_C_LANGUAGE_STANDARD = gnu17;
				GCC_DYNAMIC_NO_PIC = NO;
				GCC_NO_COMMON_BLOCKS = YES;
				GCC_OPTIMIZATION_LEVEL = 0;
				GCC_PREPROCESSOR_DEFINITIONS = (
					"DEBUG=1",
					"$(inherited)",
				);
				GCC_WARN_64_TO_32_BIT_CONVERSION = YES;
				GCC_WARN_ABOUT_RETURN_TYPE = YES_ERROR;
				GCC_WARN_UNDECLARED_SELECTOR = YES;
				GCC_WARN_UNINITIALIZED_AUTOS = YES_AGGRESSIVE;
				GCC_WARN_UNUSED_FUNCTION = YES;
				GCC_WARN_UNUSED_VARIABLE = YES;
				IPHONEOS_DEPLOYMENT_TARGET = 26.0;
				LOCALIZATION_PREFERS_STRING_CATALOGS = YES;
				MTL_ENABLE_DEBUG_INFO = INCLUDE_SOURCE;
				MTL_FAST_MATH = YES;
				ONLY_ACTIVE_ARCH = YES;
				SDKROOT = iphoneos;
				SWIFT_ACTIVE_COMPILATION_CONDITIONS = "DEBUG $(inherited)";
				SWIFT_OPTIMIZATION_LEVEL = "-Onone";
			};
			name = Debug;
		};
		4F33E0312E91825B00083E96 /* Release */ = {
			isa = XCBuildConfiguration;
			buildSettings = {
				ALWAYS_SEARCH_USER_PATHS = NO;
				ASSETCATALOG_COMPILER_GENERATE_SWIFT_ASSET_SYMBOL_EXTENSIONS = YES;
				CLANG_ANALYZER_NONNULL = YES;
				CLANG_ANALYZER_NUMBER_OBJECT_CONVERSION = YES_AGGRESSIVE;
				CLANG_CXX_LANGUAGE_STANDARD = "gnu++20";
				CLANG_ENABLE_MODULES = YES;
				CLANG_ENABLE_OBJC_ARC = YES;
				CLANG_ENABLE_OBJC_WEAK = YES;
				CLANG_WARN_BLOCK_CAPTURE_AUTORELEASING = YES;
				CLANG_WARN_BOOL_CONVERSION = YES;
				CLANG_WARN_COMMA = YES;
				CLANG_WARN_CONSTANT_CONVERSION = YES;
				CLANG_WARN_DEPRECATED_OBJC_IMPLEMENTATIONS = YES;
				CLANG_WARN_DIRECT_OBJC_ISA_USAGE = YES_ERROR;
				CLANG_WARN_DOCUMENTATION_COMMENTS = YES;
				CLANG_WARN_EMPTY_BODY = YES;
				CLANG_WARN_ENUM_CONVERSION = YES;
				CLANG_WARN_INFINITE_RECURSION = YES;
				CLANG_WARN_INT_CONVERSION = YES;
				CLANG_WARN_NON_LITERAL_NULL_CONVERSION = YES;
				CLANG_WARN_OBJC_IMPLICIT_RETAIN_SELF = YES;
				CLANG_WARN_OBJC_LITERAL_CONVERSION = YES;
				CLANG_WARN_OBJC_ROOT_CLASS = YES_ERROR;
				CLANG_WARN_QUOTED_INCLUDE_IN_FRAMEWORK_HEADER = YES;
				CLANG_WARN_RANGE_LOOP_ANALYSIS = YES;
				CLANG_WARN_STRICT_PROTOTYPES = YES;
				CLANG_WARN_SUSPICIOUS_MOVE = YES;
				CLANG_WARN_UNGUARDED_AVAILABILITY = YES_AGGRESSIVE;
				CLANG_WARN_UNREACHABLE_CODE = YES;
				CLANG_WARN__DUPLICATE_METHOD_MATCH = YES;
				COPY_PHASE_STRIP = NO;
				DEBUG_INFORMATION_FORMAT = "dwarf-with-dsym";
				DEVELOPMENT_TEAM = K5N9AY5762;
				ENABLE_NS_ASSERTIONS = NO;
				ENABLE_STRICT_OBJC_MSGSEND = YES;
				ENABLE_USER_SCRIPT_SANDBOXING = YES;
				GCC_C_LANGUAGE_STANDARD = gnu17;
				GCC_NO_COMMON_BLOCKS = YES;
				GCC_WARN_64_TO_32_BIT_CONVERSION = YES;
				GCC_WARN_ABOUT_RETURN_TYPE = YES_ERROR;
				GCC_WARN_UNDECLARED_SELECTOR = YES;
				GCC_WARN_UNINITIALIZED_AUTOS = YES_AGGRESSIVE;
				GCC_WARN_UNUSED_FUNCTION = YES;
				GCC_WARN_UNUSED_VARIABLE = YES;
				IPHONEOS_DEPLOYMENT_TARGET = 26.0;
				LOCALIZATION_PREFERS_STRING_CATALOGS = YES;
				MTL_ENABLE_DEBUG_INFO = NO;
				MTL_FAST_MATH = YES;
				SDKROOT = iphoneos;
				SWIFT_COMPILATION_MODE = wholemodule;
				VALIDATE_PRODUCT = YES;
			};
			name = Release;
		};
		4F33E0332E91825B00083E96 /* Debug */ = {
			isa = XCBuildConfiguration;
			buildSettings = {
				ASSETCATALOG_COMPILER_APPICON_NAME = KalmKiteIcon;
				ASSETCATALOG_COMPILER_GLOBAL_ACCENT_COLOR_NAME = AccentColor;
				ASSETCATALOG_COMPILER_INCLUDE_ALL_APPICON_ASSETS = NO;
				CODE_SIGN_STYLE = Automatic;
				CURRENT_PROJECT_VERSION = 1;
				DEVELOPMENT_ASSET_PATHS = "kalmkite-ios/Assets.xcassets";
				DEVELOPMENT_TEAM = K5N9AY5762;
				ENABLE_PREVIEWS = YES;
				GENERATE_INFOPLIST_FILE = YES;
				INFOPLIST_FILE = "kalmkite-ios/Info.plist";
				INFOPLIST_KEY_UIApplicationSceneManifest_Generation = YES;
				INFOPLIST_KEY_UIApplicationSupportsIndirectInputEvents = YES;
				INFOPLIST_KEY_UILaunchStoryboardName = LaunchScreen.storyboard;
				INFOPLIST_KEY_UISupportedInterfaceOrientations_iPad = "UIInterfaceOrientationPortrait UIInterfaceOrientationPortraitUpsideDown UIInterfaceOrientationLandscapeLeft UIInterfaceOrientationLandscapeRight";
				INFOPLIST_KEY_UISupportedInterfaceOrientations_iPhone = "UIInterfaceOrientationPortrait UIInterfaceOrientationLandscapeLeft UIInterfaceOrientationLandscapeRight";
				LD_RUNPATH_SEARCH_PATHS = (
					"$(inherited)",
					"@executable_path/Frameworks",
				);
				MARKETING_VERSION = 1.2;
				PRODUCT_BUNDLE_IDENTIFIER = "com.kalmkite.mobile.kalmkite-ios";
				PRODUCT_NAME = "$(TARGET_NAME)";
				STRING_CATALOG_GENERATE_SYMBOLS = YES;
				SWIFT_APPROACHABLE_CONCURRENCY = YES;
				SWIFT_DEFAULT_ACTOR_ISOLATION = MainActor;
				SWIFT_EMIT_LOC_STRINGS = YES;
				SWIFT_UPCOMING_FEATURE_MEMBER_IMPORT_VISIBILITY = YES;
				SWIFT_VERSION = 5.0;
				TARGETED_DEVICE_FAMILY = "1,2";
			};
			name = Debug;
		};
		4F33E0342E91825B00083E96 /* Release */ = {
			isa = XCBuildConfiguration;
			buildSettings = {
				ASSETCATALOG_COMPILER_APPICON_NAME = KalmKiteIcon;
				ASSETCATALOG_COMPILER_GLOBAL_ACCENT_COLOR_NAME = AccentColor;
				ASSETCATALOG_COMPILER_INCLUDE_ALL_APPICON_ASSETS = NO;
				CODE_SIGN_STYLE = Automatic;
				CURRENT_PROJECT_VERSION = 1;
				DEVELOPMENT_ASSET_PATHS = "kalmkite-ios/Assets.xcassets";
				DEVELOPMENT_TEAM = K5N9AY5762;
				ENABLE_PREVIEWS = YES;
				GENERATE_INFOPLIST_FILE = YES;
				INFOPLIST_FILE = "kalmkite-ios/Info.plist";
				INFOPLIST_KEY_UIApplicationSceneManifest_Generation = YES;
				INFOPLIST_KEY_UIApplicationSupportsIndirectInputEvents = YES;
				INFOPLIST_KEY_UILaunchStoryboardName = LaunchScreen.storyboard;
				INFOPLIST_KEY_UISupportedInterfaceOrientations_iPad = "UIInterfaceOrientationPortrait UIInterfaceOrientationPortraitUpsideDown UIInterfaceOrientationLandscapeLeft UIInterfaceOrientationLandscapeRight";
				INFOPLIST_KEY_UISupportedInterfaceOrientations_iPhone = "UIInterfaceOrientationPortrait UIInterfaceOrientationLandscapeLeft UIInterfaceOrientationLandscapeRight";
				LD_RUNPATH_SEARCH_PATHS = (
					"$(inherited)",
					"@executable_path/Frameworks",
				);
				MARKETING_VERSION = 1.2;
				PRODUCT_BUNDLE_IDENTIFIER = "com.kalmkite.mobile.kalmkite-ios";
				PRODUCT_NAME = "$(TARGET_NAME)";
				STRING_CATALOG_GENERATE_SYMBOLS = YES;
				SWIFT_APPROACHABLE_CONCURRENCY = YES;
				SWIFT_DEFAULT_ACTOR_ISOLATION = MainActor;
				SWIFT_EMIT_LOC_STRINGS = YES;
				SWIFT_UPCOMING_FEATURE_MEMBER_IMPORT_VISIBILITY = YES;
				SWIFT_VERSION = 5.0;
				TARGETED_DEVICE_FAMILY = "1,2";
			};
			name = Release;
		};
		4F33E0362E91825B00083E96 /* Debug */ = {
			isa = XCBuildConfiguration;
			buildSettings = {
				BUNDLE_LOADER = "$(TEST_HOST)";
				CODE_SIGN_STYLE = Automatic;
				CURRENT_PROJECT_VERSION = 1;
				DEVELOPMENT_TEAM = K5N9AY5762;
				GENERATE_INFOPLIST_FILE = YES;
				IPHONEOS_DEPLOYMENT_TARGET = 26.0;
				MARKETING_VERSION = 1.0;
				PRODUCT_BUNDLE_IDENTIFIER = "com.kalmkite.mobile.kalmkite-iosTests";
				PRODUCT_NAME = "$(TARGET_NAME)";
				STRING_CATALOG_GENERATE_SYMBOLS = NO;
				SWIFT_APPROACHABLE_CONCURRENCY = YES;
				SWIFT_EMIT_LOC_STRINGS = NO;
				SWIFT_UPCOMING_FEATURE_MEMBER_IMPORT_VISIBILITY = YES;
				SWIFT_VERSION = 5.0;
				TARGETED_DEVICE_FAMILY = "1,2";
				TEST_HOST = "$(BUILT_PRODUCTS_DIR)/kalmkite-ios.app/$(BUNDLE_EXECUTABLE_FOLDER_PATH)/kalmkite-ios";
			};
			name = Debug;
		};
		4F33E0372E91825B00083E96 /* Release */ = {
			isa = XCBuildConfiguration;
			buildSettings = {
				BUNDLE_LOADER = "$(TEST_HOST)";
				CODE_SIGN_STYLE = Automatic;
				CURRENT_PROJECT_VERSION = 1;
				DEVELOPMENT_TEAM = K5N9AY5762;
				GENERATE_INFOPLIST_FILE = YES;
				IPHONEOS_DEPLOYMENT_TARGET = 26.0;
				MARKETING_VERSION = 1.0;
				PRODUCT_BUNDLE_IDENTIFIER = "com.kalmkite.mobile.kalmkite-iosTests";
				PRODUCT_NAME = "$(TARGET_NAME)";
				STRING_CATALOG_GENERATE_SYMBOLS = NO;
				SWIFT_APPROACHABLE_CONCURRENCY = YES;
				SWIFT_EMIT_LOC_STRINGS = NO;
				SWIFT_UPCOMING_FEATURE_MEMBER_IMPORT_VISIBILITY = YES;
				SWIFT_VERSION = 5.0;
				TARGETED_DEVICE_FAMILY = "1,2";
				TEST_HOST = "$(BUILT_PRODUCTS_DIR)/kalmkite-ios.app/$(BUNDLE_EXECUTABLE_FOLDER_PATH)/kalmkite-ios";
			};
			name = Release;
		};
		4F33E0392E91825B00083E96 /* Debug */ = {
			isa = XCBuildConfiguration;
			buildSettings = {
				CODE_SIGN_STYLE = Automatic;
				CURRENT_PROJECT_VERSION = 1;
				DEVELOPMENT_TEAM = K5N9AY5762;
				GENERATE_INFOPLIST_FILE = YES;
				MARKETING_VERSION = 1.0;
				PRODUCT_BUNDLE_IDENTIFIER = "com.kalmkite.mobile.kalmkite-iosUITests";
				PRODUCT_NAME = "$(TARGET_NAME)";
				STRING_CATALOG_GENERATE_SYMBOLS = NO;
				SWIFT_APPROACHABLE_CONCURRENCY = YES;
				SWIFT_EMIT_LOC_STRINGS = NO;
				SWIFT_UPCOMING_FEATURE_MEMBER_IMPORT_VISIBILITY = YES;
				SWIFT_VERSION = 5.0;
				TARGETED_DEVICE_FAMILY = "1,2";
				TEST_TARGET_NAME = "kalmkite-ios";
			};
			name = Debug;
		};
		4F33E03A2E91825B00083E96 /* Release */ = {
			isa = XCBuildConfiguration;
			buildSettings = {
				CODE_SIGN_STYLE = Automatic;
				CURRENT_PROJECT_VERSION = 1;
				DEVELOPMENT_TEAM = K5N9AY5762;
				GENERATE_INFOPLIST_FILE = YES;
				MARKETING_VERSION = 1.0;
				PRODUCT_BUNDLE_IDENTIFIER = "com.kalmkite.mobile.kalmkite-iosUITests";
				PRODUCT_NAME = "$(TARGET_NAME)";
				STRING_CATALOG_GENERATE_SYMBOLS = NO;
				SWIFT_APPROACHABLE_CONCURRENCY = YES;
				SWIFT_EMIT_LOC_STRINGS = NO;
				SWIFT_UPCOMING_FEATURE_MEMBER_IMPORT_VISIBILITY = YES;
				SWIFT_VERSION = 5.0;
				TARGETED_DEVICE_FAMILY = "1,2";
				TEST_TARGET_NAME = "kalmkite-ios";
			};
			name = Release;
		};
/* End XCBuildConfiguration section */

/* Begin XCConfigurationList section */
		4F33E00A2E91825A00083E96 /* Build configuration list for PBXProject "kalmkite-ios" */ = {
			isa = XCConfigurationList;
			buildConfigurations = (
				4F33E0302E91825B00083E96 /* Debug */,
				4F33E0312E91825B00083E96 /* Release */,
			);
			defaultConfigurationIsVisible = 0;
			defaultConfigurationName = Release;
		};
		4F33E0322E91825B00083E96 /* Build configuration list for PBXNativeTarget "kalmkite-ios" */ = {
			isa = XCConfigurationList;
			buildConfigurations = (
				4F33E0332E91825B00083E96 /* Debug */,
				4F33E0342E91825B00083E96 /* Release */,
			);
			defaultConfigurationIsVisible = 0;
			defaultConfigurationName = Release;
		};
		4F33E0352E91825B00083E96 /* Build configuration list for PBXNativeTarget "kalmkite-iosTests" */ = {
			isa = XCConfigurationList;
			buildConfigurations = (
				4F33E0362E91825B00083E96 /* Debug */,
				4F33E0372E91825B00083E96 /* Release */,
			);
			defaultConfigurationIsVisible = 0;
			defaultConfigurationName = Release;
		};
		4F33E0382E91825B00083E96 /* Build configuration list for PBXNativeTarget "kalmkite-iosUITests" */ = {
			isa = XCConfigurationList;
			buildConfigurations = (
				4F33E0392E91825B00083E96 /* Debug */,
				4F33E03A2E91825B00083E96 /* Release */,
			);
			defaultConfigurationIsVisible = 0;
			defaultConfigurationName = Release;
		};
/* End XCConfigurationList section */

/* Begin XCRemoteSwiftPackageReference section */
		4F1859152E9F58820042B26A /* XCRemoteSwiftPackageReference "ConfettiSwiftUI" */ = {
			isa = XCRemoteSwiftPackageReference;
			repositoryURL = "https://github.com/simibac/ConfettiSwiftUI.git";
			requirement = {
				branch = master;
				kind = branch;
			};
		};
/* End XCRemoteSwiftPackageReference section */

/* Begin XCSwiftPackageProductDependency section */
		4F979AE92E9F5BCC0072F21F /* ConfettiSwiftUI */ = {
			isa = XCSwiftPackageProductDependency;
			package = 4F1859152E9F58820042B26A /* XCRemoteSwiftPackageReference "ConfettiSwiftUI" */;
			productName = ConfettiSwiftUI;
		};
		4FA4800C2E9F5B27007C8E10 /* ConfettiSwiftUI */ = {
			isa = XCSwiftPackageProductDependency;
			productName = ConfettiSwiftUI;
		};
/* End XCSwiftPackageProductDependency section */
	};
	rootObject = 4F33E0072E91825A00083E96 /* Project object */;
}
